
Microsoft Visual Studio Solution File, Format Version 12.00
# Visual Studio Version 17
VisualStudioVersion = 17.13.35818.85 d17.13
MinimumVisualStudioVersion = 10.0.40219.1
Project("{FAE04EC0-301F-11D3-BF4B-00C04F79EFBC}") = "MAUI_Training", "MAUI_Training\MAUI_Training.csproj", "{F2EF044C-1C51-4885-A466-792773048707}"
EndProject
Global
	GlobalSection(SolutionConfigurationPlatforms) = preSolution
		Debug|Any CPU = Debug|Any CPU
		Release|Any CPU = Release|Any CPU
	EndGlobalSection
	GlobalSection(ProjectConfigurationPlatforms) = postSolution
		{F2EF044C-1C51-4885-A466-792773048707}.Debug|Any CPU.ActiveCfg = Debug|Any CPU
		{F2EF044C-1C51-4885-A466-792773048707}.Debug|Any CPU.Build.0 = Debug|Any CPU
		{F2EF044C-1C51-4885-A466-792773048707}.Release|Any CPU.ActiveCfg = Release|Any CPU
		{F2EF044C-1C51-4885-A466-792773048707}.Release|Any CPU.Build.0 = Release|Any CPU
	EndGlobalSection
	GlobalSection(SolutionProperties) = preSolution
		HideSolutionNode = FALSE
	EndGlobalSection
	GlobalSection(ExtensibilityGlobals) = postSolution
		SolutionGuid = {BF11EB91-B393-46D8-93C0-EBB89BF53928}
	EndGlobalSection
EndGlobal
